
Microsoft Visual Studio Solution File, Format Version 12.00
# Visual Studio Version 16
VisualStudioVersion = 16.0.31019.35
MinimumVisualStudioVersion = 10.0.40219.1
Project("{FAE04EC0-301F-11D3-BF4B-00C04F79EFBC}") = "SchoolApi", "SchoolApi\SchoolApi.csproj", "{8C8BBBE8-C80A-4170-B12E-25558BC0E3EC}"
EndProject
Project("{FAE04EC0-301F-11D3-BF4B-00C04F79EFBC}") = "EFDataLibrary", "EFDataLibrary\EFDataLibrary.csproj", "{7EB8D205-DFFA-48B7-8F81-4FC46B80D957}"
EndProject
Global
	GlobalSection(SolutionConfigurationPlatforms) = preSolution
		Debug|Any CPU = Debug|Any CPU
		Release|Any CPU = Release|Any CPU
	EndGlobalSection
	GlobalSection(ProjectConfigurationPlatforms) = postSolution
		{8C8BBBE8-C80A-4170-B12E-25558BC0E3EC}.Debug|Any CPU.ActiveCfg = Debug|Any CPU
		{8C8BBBE8-C80A-4170-B12E-25558BC0E3EC}.Debug|Any CPU.Build.0 = Debug|Any CPU
		{8C8BBBE8-C80A-4170-B12E-25558BC0E3EC}.Release|Any CPU.ActiveCfg = Release|Any CPU
		{8C8BBBE8-C80A-4170-B12E-25558BC0E3EC}.Release|Any CPU.Build.0 = Release|Any CPU
		{7EB8D205-DFFA-48B7-8F81-4FC46B80D957}.Debug|Any CPU.ActiveCfg = Debug|Any CPU
		{7EB8D205-DFFA-48B7-8F81-4FC46B80D957}.Debug|Any CPU.Build.0 = Debug|Any CPU
		{7EB8D205-DFFA-48B7-8F81-4FC46B80D957}.Release|Any CPU.ActiveCfg = Release|Any CPU
		{7EB8D205-DFFA-48B7-8F81-4FC46B80D957}.Release|Any CPU.Build.0 = Release|Any CPU
	EndGlobalSection
	GlobalSection(SolutionProperties) = preSolution
		HideSolutionNode = FALSE
	EndGlobalSection
	GlobalSection(ExtensibilityGlobals) = postSolution
		SolutionGuid = {832FCEE1-49A1-4C15-A576-AB98F4DFA11A}
	EndGlobalSection
EndGlobal
